
Microsoft Visual Studio Solution File, Format Version 12.00
# Visual Studio 14
VisualStudioVersion = 14.0.25420.1
MinimumVisualStudioVersion = 10.0.40219.1
Project("{8BC9CEB8-8B4A-11D0-8D11-00A0C91BC942}") = "timer_test", "timer_test\timer_test.vcxproj", "{35B049A9-9DB6-417E-8D6B-E8C41F6A8A3C}"
EndProject
Project("{8BC9CEB8-8B4A-11D0-8D11-00A0C91BC942}") = "high_performance_timer", "high_performance_timer\high_performance_timer.vcxproj", "{672498C5-F47E-4067-B209-5ACE97ED2B7C}"
EndProject
Project("{8BC9CEB8-8B4A-11D0-8D11-00A0C91BC942}") = "kernel", "kernel\kernel.vcxproj", "{30FEB005-CA6E-4BBE-96C9-297C787BC85B}"
EndProject
Project("{8BC9CEB8-8B4A-11D0-8D11-00A0C91BC942}") = "cuda_pictures", "cuda_pictures\cuda_pictures.vcxproj", "{6B92F790-3E4A-48B3-BF77-710E8FF2E92B}"
EndProject
Project("{8BC9CEB8-8B4A-11D0-8D11-00A0C91BC942}") = "word_search", "word_search\word_search.vcxproj", "{B446671A-C862-4615-AE5A-23E917294BC7}"
EndProject
Global
	GlobalSection(SolutionConfigurationPlatforms) = preSolution
		Debug|x64 = Debug|x64
		Debug|x86 = Debug|x86
		Release|x64 = Release|x64
		Release|x86 = Release|x86
	EndGlobalSection
	GlobalSection(ProjectConfigurationPlatforms) = postSolution
		{35B049A9-9DB6-417E-8D6B-E8C41F6A8A3C}.Debug|x64.ActiveCfg = Debug|x64
		{35B049A9-9DB6-417E-8D6B-E8C41F6A8A3C}.Debug|x64.Build.0 = Debug|x64
		{35B049A9-9DB6-417E-8D6B-E8C41F6A8A3C}.Debug|x86.ActiveCfg = Debug|Win32
		{35B049A9-9DB6-417E-8D6B-E8C41F6A8A3C}.Debug|x86.Build.0 = Debug|Win32
		{35B049A9-9DB6-417E-8D6B-E8C41F6A8A3C}.Release|x64.ActiveCfg = Release|x64
		{35B049A9-9DB6-417E-8D6B-E8C41F6A8A3C}.Release|x64.Build.0 = Release|x64
		{35B049A9-9DB6-417E-8D6B-E8C41F6A8A3C}.Release|x86.ActiveCfg = Release|Win32
		{35B049A9-9DB6-417E-8D6B-E8C41F6A8A3C}.Release|x86.Build.0 = Release|Win32
		{672498C5-F47E-4067-B209-5ACE97ED2B7C}.Debug|x64.ActiveCfg = Debug|x64
		{672498C5-F47E-4067-B209-5ACE97ED2B7C}.Debug|x64.Build.0 = Debug|x64
		{672498C5-F47E-4067-B209-5ACE97ED2B7C}.Debug|x86.ActiveCfg = Debug|Win32
		{672498C5-F47E-4067-B209-5ACE97ED2B7C}.Debug|x86.Build.0 = Debug|Win32
		{672498C5-F47E-4067-B209-5ACE97ED2B7C}.Release|x64.ActiveCfg = Release|x64
		{672498C5-F47E-4067-B209-5ACE97ED2B7C}.Release|x64.Build.0 = Release|x64
		{672498C5-F47E-4067-B209-5ACE97ED2B7C}.Release|x86.ActiveCfg = Release|Win32
		{672498C5-F47E-4067-B209-5ACE97ED2B7C}.Release|x86.Build.0 = Release|Win32
		{30FEB005-CA6E-4BBE-96C9-297C787BC85B}.Debug|x64.ActiveCfg = Debug|x64
		{30FEB005-CA6E-4BBE-96C9-297C787BC85B}.Debug|x64.Build.0 = Debug|x64
		{30FEB005-CA6E-4BBE-96C9-297C787BC85B}.Debug|x86.ActiveCfg = Debug|Win32
		{30FEB005-CA6E-4BBE-96C9-297C787BC85B}.Debug|x86.Build.0 = Debug|Win32
		{30FEB005-CA6E-4BBE-96C9-297C787BC85B}.Release|x64.ActiveCfg = Release|x64
		{30FEB005-CA6E-4BBE-96C9-297C787BC85B}.Release|x64.Build.0 = Release|x64
		{30FEB005-CA6E-4BBE-96C9-297C787BC85B}.Release|x86.ActiveCfg = Release|Win32
		{30FEB005-CA6E-4BBE-96C9-297C787BC85B}.Release|x86.Build.0 = Release|Win32
		{6B92F790-3E4A-48B3-BF77-710E8FF2E92B}.Debug|x64.ActiveCfg = Debug|x64
		{6B92F790-3E4A-48B3-BF77-710E8FF2E92B}.Debug|x64.Build.0 = Debug|x64
		{6B92F790-3E4A-48B3-BF77-710E8FF2E92B}.Debug|x86.ActiveCfg = Debug|Win32
		{6B92F790-3E4A-48B3-BF77-710E8FF2E92B}.Debug|x86.Build.0 = Debug|Win32
		{6B92F790-3E4A-48B3-BF77-710E8FF2E92B}.Release|x64.ActiveCfg = Release|x64
		{6B92F790-3E4A-48B3-BF77-710E8FF2E92B}.Release|x64.Build.0 = Release|x64
		{6B92F790-3E4A-48B3-BF77-710E8FF2E92B}.Release|x86.ActiveCfg = Release|Win32
		{6B92F790-3E4A-48B3-BF77-710E8FF2E92B}.Release|x86.Build.0 = Release|Win32
		{B446671A-C862-4615-AE5A-23E917294BC7}.Debug|x64.ActiveCfg = Debug|x64
		{B446671A-C862-4615-AE5A-23E917294BC7}.Debug|x64.Build.0 = Debug|x64
		{B446671A-C862-4615-AE5A-23E917294BC7}.Debug|x86.ActiveCfg = Debug|Win32
		{B446671A-C862-4615-AE5A-23E917294BC7}.Debug|x86.Build.0 = Debug|Win32
		{B446671A-C862-4615-AE5A-23E917294BC7}.Release|x64.ActiveCfg = Release|x64
		{B446671A-C862-4615-AE5A-23E917294BC7}.Release|x64.Build.0 = Release|x64
		{B446671A-C862-4615-AE5A-23E917294BC7}.Release|x86.ActiveCfg = Release|Win32
		{B446671A-C862-4615-AE5A-23E917294BC7}.Release|x86.Build.0 = Release|Win32
	EndGlobalSection
	GlobalSection(SolutionProperties) = preSolution
		HideSolutionNode = FALSE
	EndGlobalSection
EndGlobal
